
Microsoft Visual Studio Solution File, Format Version 12.00
# Visual Studio Version 17
VisualStudioVersion = 17.10.35013.160
MinimumVisualStudioVersion = 10.0.40219.1
Project("{FAE04EC0-301F-11D3-BF4B-00C04F79EFBC}") = "CsharpMVC", "CsharpMVC\CsharpMVC.csproj", "{1BAB093C-2BF0-4620-85A3-92D32AAAD6BA}"
EndProject
Global
	GlobalSection(SolutionConfigurationPlatforms) = preSolution
		Debug|Any CPU = Debug|Any CPU
		Release|Any CPU = Release|Any CPU
	EndGlobalSection
	GlobalSection(ProjectConfigurationPlatforms) = postSolution
		{1BAB093C-2BF0-4620-85A3-92D32AAAD6BA}.Debug|Any CPU.ActiveCfg = Debug|Any CPU
		{1BAB093C-2BF0-4620-85A3-92D32AAAD6BA}.Debug|Any CPU.Build.0 = Debug|Any CPU
		{1BAB093C-2BF0-4620-85A3-92D32AAAD6BA}.Release|Any CPU.ActiveCfg = Release|Any CPU
		{1BAB093C-2BF0-4620-85A3-92D32AAAD6BA}.Release|Any CPU.Build.0 = Release|Any CPU
	EndGlobalSection
	GlobalSection(SolutionProperties) = preSolution
		HideSolutionNode = FALSE
	EndGlobalSection
	GlobalSection(ExtensibilityGlobals) = postSolution
		SolutionGuid = {5FF9E692-D31F-4F53-B3AC-D6A43976D08A}
	EndGlobalSection
EndGlobal
